{
  "name": "y",
  "version": "1.0.0",
  "lockfileVersion": 3,
  "requires": true,
  "packages": {
    "": {
      "name": "y",
      "version": "1.0.0",
      "license": "ISC",
      "dependencies": {
        "gsap": "^3.11.5",
        "lil-gui": "^0.18.1",
        "matter-js": "^0.19.0",
        "paper": "^0.12.17",
        "three": "^0.151.3"
      }
    },
    "node_modules/gsap": {
      "version": "3.11.5",
      "integrity": "sha512-Q89nKCLgoX5xUjznh9LcaIUkz54k1voNucT1Rpf9SJNFIQznBwFqt5qUUQbeVInFyN/n18OUJkpeI6CNEDt74w=="
    },
    "node_modules/lil-gui": {
      "version": "0.18.1",
      "integrity": "sha512-nsDJLflFGro81hcGqaiDNBEKgkMKNF9okmMmW3Xc6sPXP1zyfD3oIftyctvBQD2iTIUgWDw6CuME1IQZD+OvLw=="
    },
    "node_modules/matter-js": {
      "version": "0.19.0",
      "integrity": "sha512-v2huwvQGOHTGOkMqtHd2hercCG3f6QAObTisPPHg8TZqq2lz7eIY/5i/5YUV8Ibf3mEioFEmwibcPUF2/fnKKQ=="
    },
    "node_modules/paper": {
      "version": "0.12.17",
      "resolved": "https://registry.npmjs.org/paper/-/paper-0.12.17.tgz",
      "integrity": "sha512-oCe+e1C2w8hKIcGoAqUjD0GGxGPv+itrRXlEFUmp3H8tY/NTnHOkYgpJFPGw6OJ8Q1Wa6+RgzlY7Dx/2WWHtkA==",
      "engines": {
        "node": ">=8.0.0"
      }
    },
    "node_modules/three": {
      "version": "0.151.3",
      "integrity": "sha512-+vbuqxFy8kzLeO5MgpBHUvP/EAiecaDwDuOPPDe6SbrZr96kccF0ktLngXc7xA7bzyd3N0t2f6mw3Z9y6JCojQ=="
    }
  }
}
